
Microsoft Visual Studio Solution File, Format Version 12.00
# Visual Studio Version 16
VisualStudioVersion = 16.0.29911.84
MinimumVisualStudioVersion = 10.0.40219.1
Project("{9A19103F-16F7-4668-BE54-9A1E7A4F7556}") = "RestroomReviews", "RestroomReviews\RestroomReviews.csproj", "{D1B7CC03-44CB-44BE-8B4C-5A319D2A8E62}"
EndProject
Global
	GlobalSection(SolutionConfigurationPlatforms) = preSolution
		Debug|Any CPU = Debug|Any CPU
		Release|Any CPU = Release|Any CPU
	EndGlobalSection
	GlobalSection(ProjectConfigurationPlatforms) = postSolution
		{D1B7CC03-44CB-44BE-8B4C-5A319D2A8E62}.Debug|Any CPU.ActiveCfg = Debug|Any CPU
		{D1B7CC03-44CB-44BE-8B4C-5A319D2A8E62}.Debug|Any CPU.Build.0 = Debug|Any CPU
		{D1B7CC03-44CB-44BE-8B4C-5A319D2A8E62}.Release|Any CPU.ActiveCfg = Release|Any CPU
		{D1B7CC03-44CB-44BE-8B4C-5A319D2A8E62}.Release|Any CPU.Build.0 = Release|Any CPU
	EndGlobalSection
	GlobalSection(SolutionProperties) = preSolution
		HideSolutionNode = FALSE
	EndGlobalSection
	GlobalSection(ExtensibilityGlobals) = postSolution
		SolutionGuid = {077488B7-8422-48EB-9CCE-AA96F7BBFCA4}
	EndGlobalSection
EndGlobal
